
Microsoft Visual Studio Solution File, Format Version 12.00
# Visual Studio Version 17
VisualStudioVersion = 17.6.33801.468
MinimumVisualStudioVersion = 10.0.40219.1
Project("{9A19103F-16F7-4668-BE54-9A1E7A4F7556}") = "GoCart.Server", "GoCart\Server\GoCart.Server.csproj", "{8276DAA1-66E8-4EAE-B3EF-3C6C2F878FAC}"
EndProject
Project("{9A19103F-16F7-4668-BE54-9A1E7A4F7556}") = "GoCart.Client", "GoCart\Client\GoCart.Client.csproj", "{C0430E6C-A77B-4F35-BC0B-0F03F6C11369}"
EndProject
Project("{9A19103F-16F7-4668-BE54-9A1E7A4F7556}") = "GoCart.Shared", "GoCart\Shared\GoCart.Shared.csproj", "{D094CCE1-B1D2-42A0-93D9-B03D98EB8020}"
EndProject
Global
	GlobalSection(SolutionConfigurationPlatforms) = preSolution
		Debug|Any CPU = Debug|Any CPU
		Release|Any CPU = Release|Any CPU
	EndGlobalSection
	GlobalSection(ProjectConfigurationPlatforms) = postSolution
		{8276DAA1-66E8-4EAE-B3EF-3C6C2F878FAC}.Debug|Any CPU.ActiveCfg = Debug|Any CPU
		{8276DAA1-66E8-4EAE-B3EF-3C6C2F878FAC}.Debug|Any CPU.Build.0 = Debug|Any CPU
		{8276DAA1-66E8-4EAE-B3EF-3C6C2F878FAC}.Release|Any CPU.ActiveCfg = Release|Any CPU
		{8276DAA1-66E8-4EAE-B3EF-3C6C2F878FAC}.Release|Any CPU.Build.0 = Release|Any CPU
		{C0430E6C-A77B-4F35-BC0B-0F03F6C11369}.Debug|Any CPU.ActiveCfg = Debug|Any CPU
		{C0430E6C-A77B-4F35-BC0B-0F03F6C11369}.Debug|Any CPU.Build.0 = Debug|Any CPU
		{C0430E6C-A77B-4F35-BC0B-0F03F6C11369}.Release|Any CPU.ActiveCfg = Release|Any CPU
		{C0430E6C-A77B-4F35-BC0B-0F03F6C11369}.Release|Any CPU.Build.0 = Release|Any CPU
		{D094CCE1-B1D2-42A0-93D9-B03D98EB8020}.Debug|Any CPU.ActiveCfg = Debug|Any CPU
		{D094CCE1-B1D2-42A0-93D9-B03D98EB8020}.Debug|Any CPU.Build.0 = Debug|Any CPU
		{D094CCE1-B1D2-42A0-93D9-B03D98EB8020}.Release|Any CPU.ActiveCfg = Release|Any CPU
		{D094CCE1-B1D2-42A0-93D9-B03D98EB8020}.Release|Any CPU.Build.0 = Release|Any CPU
	EndGlobalSection
	GlobalSection(SolutionProperties) = preSolution
		HideSolutionNode = FALSE
	EndGlobalSection
	GlobalSection(ExtensibilityGlobals) = postSolution
		SolutionGuid = {AF860C67-D219-4B0B-AF7B-AF10EFDAE35A}
	EndGlobalSection
EndGlobal
